
Microsoft Visual Studio Solution File, Format Version 12.00
# Visual Studio Version 17
VisualStudioVersion = 17.4.33122.133
MinimumVisualStudioVersion = 10.0.40219.1
Project("{F184B08F-C81C-45F6-A57F-5ABD9991F28F}") = "MSFSModManager", "MSFSModManager\MSFSModManager.vbproj", "{9B38E870-9B9B-4CD6-88B8-BC319529DDF0}"
EndProject
Global
	GlobalSection(SolutionConfigurationPlatforms) = preSolution
		Debug|Any CPU = Debug|Any CPU
		Release|Any CPU = Release|Any CPU
	EndGlobalSection
	GlobalSection(ProjectConfigurationPlatforms) = postSolution
		{9B38E870-9B9B-4CD6-88B8-BC319529DDF0}.Debug|Any CPU.ActiveCfg = Debug|Any CPU
		{9B38E870-9B9B-4CD6-88B8-BC319529DDF0}.Debug|Any CPU.Build.0 = Debug|Any CPU
		{9B38E870-9B9B-4CD6-88B8-BC319529DDF0}.Release|Any CPU.ActiveCfg = Release|Any CPU
		{9B38E870-9B9B-4CD6-88B8-BC319529DDF0}.Release|Any CPU.Build.0 = Release|Any CPU
	EndGlobalSection
	GlobalSection(SolutionProperties) = preSolution
		HideSolutionNode = FALSE
	EndGlobalSection
	GlobalSection(ExtensibilityGlobals) = postSolution
		SolutionGuid = {DEE72FF7-AAB2-4451-9AE9-EC4F50C35324}
	EndGlobalSection
EndGlobal
